// !$*UTF8*$!
{
	archiveVersion = 1;
	classes = {
	};
	objectVersion = 46;
	objects = {

/* Begin PBXBuildFile section */
		4B1BA80C17ACF89800FA63EB /* 112-group.png in Resources */ = {isa = PBXBuildFile; fileRef = 4B1BA80A17ACF89800FA63EB /* 112-group.png */; };
		4B1BA80D17ACF89800FA63EB /* 112-group@2x.png in Resources */ = {isa = PBXBuildFile; fileRef = 4B1BA80B17ACF89800FA63EB /* 112-group@2x.png */; };
		4B1BA81017ACF8A700FA63EB /* 123-id-card.png in Resources */ = {isa = PBXBuildFile; fileRef = 4B1BA80E17ACF8A700FA63EB /* 123-id-card.png */; };
		4B1BA81117ACF8A700FA63EB /* 123-id-card@2x.png in Resources */ = {isa = PBXBuildFile; fileRef = 4B1BA80F17ACF8A700FA63EB /* 123-id-card@2x.png */; };
		4B1BA81417ACF8B400FA63EB /* cameraTabBarItem.png in Resources */ = {isa = PBXBuildFile; fileRef = 4B1BA81217ACF8B400FA63EB /* cameraTabBarItem.png */; };
		4B1BA81517ACF8B400FA63EB /* cameraTabBarItem@2x.png in Resources */ = {isa = PBXBuildFile; fileRef = 4B1BA81317ACF8B400FA63EB /* cameraTabBarItem@2x.png */; };
		4B1BA81917ACF8E500FA63EB /* ADTabbarBaseViewController.m in Sources */ = {isa = PBXBuildFile; fileRef = 4B1BA81817ACF8E500FA63EB /* ADTabbarBaseViewController.m */; };
		4B1BA81C17ACF8F600FA63EB /* ADTabbarViewController.m in Sources */ = {isa = PBXBuildFile; fileRef = 4B1BA81B17ACF8F600FA63EB /* ADTabbarViewController.m */; };
		4B6C206E17A4FFA8001441E4 /* UIKit.framework in Frameworks */ = {isa = PBXBuildFile; fileRef = 4B6C206D17A4FFA8001441E4 /* UIKit.framework */; };
		4B6C207017A4FFA8001441E4 /* Foundation.framework in Frameworks */ = {isa = PBXBuildFile; fileRef = 4B6C206F17A4FFA8001441E4 /* Foundation.framework */; };
		4B6C207217A4FFA8001441E4 /* CoreGraphics.framework in Frameworks */ = {isa = PBXBuildFile; fileRef = 4B6C207117A4FFA8001441E4 /* CoreGraphics.framework */; };
		4B6C207817A4FFA8001441E4 /* InfoPlist.strings in Resources */ = {isa = PBXBuildFile; fileRef = 4B6C207617A4FFA8001441E4 /* InfoPlist.strings */; };
		4B6C207A17A4FFA8001441E4 /* main.m in Sources */ = {isa = PBXBuildFile; fileRef = 4B6C207917A4FFA8001441E4 /* main.m */; };
		4B6C207E17A4FFA8001441E4 /* AppDelegate.m in Sources */ = {isa = PBXBuildFile; fileRef = 4B6C207D17A4FFA8001441E4 /* AppDelegate.m */; };
		4B6C208017A4FFA8001441E4 /* Default.png in Resources */ = {isa = PBXBuildFile; fileRef = 4B6C207F17A4FFA8001441E4 /* Default.png */; };
		4B6C208217A4FFA8001441E4 /* Default@2x.png in Resources */ = {isa = PBXBuildFile; fileRef = 4B6C208117A4FFA8001441E4 /* Default@2x.png */; };
		4B6C208417A4FFA8001441E4 /* Default-568h@2x.png in Resources */ = {isa = PBXBuildFile; fileRef = 4B6C208317A4FFA8001441E4 /* Default-568h@2x.png */; };
		4B6C208717A4FFA8001441E4 /* ADEditViewController.m in Sources */ = {isa = PBXBuildFile; fileRef = 4B6C208617A4FFA8001441E4 /* ADEditViewController.m */; };
		4B6C209117A5078A001441E4 /* laopo.jpg in Resources */ = {isa = PBXBuildFile; fileRef = 4B6C209017A5078A001441E4 /* laopo.jpg */; };
		4B6C209417A54F64001441E4 /* ADEditTopCell.m in Sources */ = {isa = PBXBuildFile; fileRef = 4B6C209317A54F64001441E4 /* ADEditTopCell.m */; };
		4BA4B0EF17C88E1300F148FF /* ADPhotoEditView.m in Sources */ = {isa = PBXBuildFile; fileRef = 4BA4B0EE17C88E1300F148FF /* ADPhotoEditView.m */; };
		4BA4B0F217C9C21400F148FF /* ADExploreViewController.m in Sources */ = {isa = PBXBuildFile; fileRef = 4BA4B0F117C9C21400F148FF /* ADExploreViewController.m */; };
		4BA4B0F617C9C25200F148FF /* ADMeViewController.m in Sources */ = {isa = PBXBuildFile; fileRef = 4BA4B0F517C9C25200F148FF /* ADMeViewController.m */; };
		4BA4B0FA17C9C76700F148FF /* ADLoginViewController.m in Sources */ = {isa = PBXBuildFile; fileRef = 4BA4B0F917C9C76700F148FF /* ADLoginViewController.m */; };
		4BA4B11017C9EA1A00F148FF /* AFHTTPClient.m in Sources */ = {isa = PBXBuildFile; fileRef = 4BA4B0FE17C9EA1A00F148FF /* AFHTTPClient.m */; settings = {COMPILER_FLAGS = "-fobjc-arc"; }; };
		4BA4B11117C9EA1A00F148FF /* AFHTTPRequestOperation.m in Sources */ = {isa = PBXBuildFile; fileRef = 4BA4B10017C9EA1A00F148FF /* AFHTTPRequestOperation.m */; settings = {COMPILER_FLAGS = "-fobjc-arc"; }; };
		4BA4B11217C9EA1A00F148FF /* AFImageRequestOperation.m in Sources */ = {isa = PBXBuildFile; fileRef = 4BA4B10217C9EA1A00F148FF /* AFImageRequestOperation.m */; settings = {COMPILER_FLAGS = "-fobjc-arc"; }; };
		4BA4B11317C9EA1A00F148FF /* AFJSONRequestOperation.m in Sources */ = {isa = PBXBuildFile; fileRef = 4BA4B10417C9EA1A00F148FF /* AFJSONRequestOperation.m */; settings = {COMPILER_FLAGS = "-fobjc-arc"; }; };
		4BA4B11417C9EA1A00F148FF /* AFNetworkActivityIndicatorManager.m in Sources */ = {isa = PBXBuildFile; fileRef = 4BA4B10617C9EA1A00F148FF /* AFNetworkActivityIndicatorManager.m */; settings = {COMPILER_FLAGS = "-fobjc-arc"; }; };
		4BA4B11517C9EA1A00F148FF /* AFPropertyListRequestOperation.m in Sources */ = {isa = PBXBuildFile; fileRef = 4BA4B10917C9EA1A00F148FF /* AFPropertyListRequestOperation.m */; settings = {COMPILER_FLAGS = "-fobjc-arc"; }; };
		4BA4B11617C9EA1A00F148FF /* AFURLConnectionOperation.m in Sources */ = {isa = PBXBuildFile; fileRef = 4BA4B10B17C9EA1A00F148FF /* AFURLConnectionOperation.m */; settings = {COMPILER_FLAGS = "-fobjc-arc"; }; };
		4BA4B11717C9EA1A00F148FF /* AFXMLRequestOperation.m in Sources */ = {isa = PBXBuildFile; fileRef = 4BA4B10D17C9EA1A00F148FF /* AFXMLRequestOperation.m */; settings = {COMPILER_FLAGS = "-fobjc-arc"; }; };
		4BA4B11817C9EA1A00F148FF /* UIImageView+AFNetworking.m in Sources */ = {isa = PBXBuildFile; fileRef = 4BA4B10F17C9EA1A00F148FF /* UIImageView+AFNetworking.m */; settings = {COMPILER_FLAGS = "-fobjc-arc"; }; };
		4BA4B11D17C9EB3500F148FF /* CoreLocation.framework in Frameworks */ = {isa = PBXBuildFile; fileRef = 4BA4B11917C9EB3500F148FF /* CoreLocation.framework */; };
		4BA4B11E17C9EB3500F148FF /* MobileCoreServices.framework in Frameworks */ = {isa = PBXBuildFile; fileRef = 4BA4B11A17C9EB3500F148FF /* MobileCoreServices.framework */; };
		4BA4B11F17C9EB3500F148FF /* Security.framework in Frameworks */ = {isa = PBXBuildFile; fileRef = 4BA4B11B17C9EB3500F148FF /* Security.framework */; };
		4BA4B12017C9EB3500F148FF /* SystemConfiguration.framework in Frameworks */ = {isa = PBXBuildFile; fileRef = 4BA4B11C17C9EB3500F148FF /* SystemConfiguration.framework */; };
		4BA4B12517C9F44000F148FF /* libWeiboSDK.a in Frameworks */ = {isa = PBXBuildFile; fileRef = 4BA4B12217C9F44000F148FF /* libWeiboSDK.a */; };
		4BA4B12617C9F44000F148FF /* WeiboSDK.bundle in Resources */ = {isa = PBXBuildFile; fileRef = 4BA4B12317C9F44000F148FF /* WeiboSDK.bundle */; };
/* End PBXBuildFile section */

/* Begin PBXFileReference section */
		4B1BA80A17ACF89800FA63EB /* 112-group.png */ = {isa = PBXFileReference; lastKnownFileType = image.png; path = "112-group.png"; sourceTree = "<group>"; };
		4B1BA80B17ACF89800FA63EB /* 112-group@2x.png */ = {isa = PBXFileReference; lastKnownFileType = image.png; path = "112-group@2x.png"; sourceTree = "<group>"; };
		4B1BA80E17ACF8A700FA63EB /* 123-id-card.png */ = {isa = PBXFileReference; lastKnownFileType = image.png; path = "123-id-card.png"; sourceTree = "<group>"; };
		4B1BA80F17ACF8A700FA63EB /* 123-id-card@2x.png */ = {isa = PBXFileReference; lastKnownFileType = image.png; path = "123-id-card@2x.png"; sourceTree = "<group>"; };
		4B1BA81217ACF8B400FA63EB /* cameraTabBarItem.png */ = {isa = PBXFileReference; lastKnownFileType = image.png; path = cameraTabBarItem.png; sourceTree = "<group>"; };
		4B1BA81317ACF8B400FA63EB /* cameraTabBarItem@2x.png */ = {isa = PBXFileReference; lastKnownFileType = image.png; path = "cameraTabBarItem@2x.png"; sourceTree = "<group>"; };
		4B1BA81717ACF8E500FA63EB /* ADTabbarBaseViewController.h */ = {isa = PBXFileReference; fileEncoding = 4; lastKnownFileType = sourcecode.c.h; path = ADTabbarBaseViewController.h; sourceTree = "<group>"; };
		4B1BA81817ACF8E500FA63EB /* ADTabbarBaseViewController.m */ = {isa = PBXFileReference; fileEncoding = 4; lastKnownFileType = sourcecode.c.objc; path = ADTabbarBaseViewController.m; sourceTree = "<group>"; };
		4B1BA81A17ACF8F600FA63EB /* ADTabbarViewController.h */ = {isa = PBXFileReference; fileEncoding = 4; lastKnownFileType = sourcecode.c.h; path = ADTabbarViewController.h; sourceTree = "<group>"; };
		4B1BA81B17ACF8F600FA63EB /* ADTabbarViewController.m */ = {isa = PBXFileReference; fileEncoding = 4; lastKnownFileType = sourcecode.c.objc; path = ADTabbarViewController.m; sourceTree = "<group>"; };
		4B6C206A17A4FFA8001441E4 /* AiDaBan.app */ = {isa = PBXFileReference; explicitFileType = wrapper.application; includeInIndex = 0; path = AiDaBan.app; sourceTree = BUILT_PRODUCTS_DIR; };
		4B6C206D17A4FFA8001441E4 /* UIKit.framework */ = {isa = PBXFileReference; lastKnownFileType = wrapper.framework; name = UIKit.framework; path = System/Library/Frameworks/UIKit.framework; sourceTree = SDKROOT; };
		4B6C206F17A4FFA8001441E4 /* Foundation.framework */ = {isa = PBXFileReference; lastKnownFileType = wrapper.framework; name = Foundation.framework; path = System/Library/Frameworks/Foundation.framework; sourceTree = SDKROOT; };
		4B6C207117A4FFA8001441E4 /* CoreGraphics.framework */ = {isa = PBXFileReference; lastKnownFileType = wrapper.framework; name = CoreGraphics.framework; path = System/Library/Frameworks/CoreGraphics.framework; sourceTree = SDKROOT; };
		4B6C207517A4FFA8001441E4 /* AiDaBan-Info.plist */ = {isa = PBXFileReference; lastKnownFileType = text.plist.xml; path = "AiDaBan-Info.plist"; sourceTree = "<group>"; };
		4B6C207717A4FFA8001441E4 /* en */ = {isa = PBXFileReference; lastKnownFileType = text.plist.strings; name = en; path = en.lproj/InfoPlist.strings; sourceTree = "<group>"; };
		4B6C207917A4FFA8001441E4 /* main.m */ = {isa = PBXFileReference; lastKnownFileType = sourcecode.c.objc; path = main.m; sourceTree = "<group>"; };
		4B6C207B17A4FFA8001441E4 /* AiDaBan-Prefix.pch */ = {isa = PBXFileReference; lastKnownFileType = sourcecode.c.h; path = "AiDaBan-Prefix.pch"; sourceTree = "<group>"; };
		4B6C207C17A4FFA8001441E4 /* AppDelegate.h */ = {isa = PBXFileReference; lastKnownFileType = sourcecode.c.h; path = AppDelegate.h; sourceTree = "<group>"; };
		4B6C207D17A4FFA8001441E4 /* AppDelegate.m */ = {isa = PBXFileReference; lastKnownFileType = sourcecode.c.objc; path = AppDelegate.m; sourceTree = "<group>"; };
		4B6C207F17A4FFA8001441E4 /* Default.png */ = {isa = PBXFileReference; lastKnownFileType = image.png; path = Default.png; sourceTree = "<group>"; };
		4B6C208117A4FFA8001441E4 /* Default@2x.png */ = {isa = PBXFileReference; lastKnownFileType = image.png; path = "Default@2x.png"; sourceTree = "<group>"; };
		4B6C208317A4FFA8001441E4 /* Default-568h@2x.png */ = {isa = PBXFileReference; lastKnownFileType = image.png; path = "Default-568h@2x.png"; sourceTree = "<group>"; };
		4B6C208517A4FFA8001441E4 /* ADEditViewController.h */ = {isa = PBXFileReference; lastKnownFileType = sourcecode.c.h; path = ADEditViewController.h; sourceTree = "<group>"; };
		4B6C208617A4FFA8001441E4 /* ADEditViewController.m */ = {isa = PBXFileReference; lastKnownFileType = sourcecode.c.objc; path = ADEditViewController.m; sourceTree = "<group>"; };
		4B6C209017A5078A001441E4 /* laopo.jpg */ = {isa = PBXFileReference; lastKnownFileType = image.jpeg; path = laopo.jpg; sourceTree = "<group>"; };
		4B6C209217A54F64001441E4 /* ADEditTopCell.h */ = {isa = PBXFileReference; fileEncoding = 4; lastKnownFileType = sourcecode.c.h; path = ADEditTopCell.h; sourceTree = "<group>"; };
		4B6C209317A54F64001441E4 /* ADEditTopCell.m */ = {isa = PBXFileReference; fileEncoding = 4; lastKnownFileType = sourcecode.c.objc; path = ADEditTopCell.m; sourceTree = "<group>"; };
		4BA4B0ED17C88E1300F148FF /* ADPhotoEditView.h */ = {isa = PBXFileReference; fileEncoding = 4; lastKnownFileType = sourcecode.c.h; path = ADPhotoEditView.h; sourceTree = "<group>"; };
		4BA4B0EE17C88E1300F148FF /* ADPhotoEditView.m */ = {isa = PBXFileReference; fileEncoding = 4; lastKnownFileType = sourcecode.c.objc; path = ADPhotoEditView.m; sourceTree = "<group>"; };
		4BA4B0F017C9C21400F148FF /* ADExploreViewController.h */ = {isa = PBXFileReference; fileEncoding = 4; lastKnownFileType = sourcecode.c.h; path = ADExploreViewController.h; sourceTree = "<group>"; };
		4BA4B0F117C9C21400F148FF /* ADExploreViewController.m */ = {isa = PBXFileReference; fileEncoding = 4; lastKnownFileType = sourcecode.c.objc; path = ADExploreViewController.m; sourceTree = "<group>"; };
		4BA4B0F417C9C25200F148FF /* ADMeViewController.h */ = {isa = PBXFileReference; fileEncoding = 4; lastKnownFileType = sourcecode.c.h; path = ADMeViewController.h; sourceTree = "<group>"; };
		4BA4B0F517C9C25200F148FF /* ADMeViewController.m */ = {isa = PBXFileReference; fileEncoding = 4; lastKnownFileType = sourcecode.c.objc; path = ADMeViewController.m; sourceTree = "<group>"; };
		4BA4B0F817C9C76700F148FF /* ADLoginViewController.h */ = {isa = PBXFileReference; fileEncoding = 4; lastKnownFileType = sourcecode.c.h; path = ADLoginViewController.h; sourceTree = "<group>"; };
		4BA4B0F917C9C76700F148FF /* ADLoginViewController.m */ = {isa = PBXFileReference; fileEncoding = 4; lastKnownFileType = sourcecode.c.objc; path = ADLoginViewController.m; sourceTree = "<group>"; };
		4BA4B0FD17C9EA1A00F148FF /* AFHTTPClient.h */ = {isa = PBXFileReference; fileEncoding = 4; lastKnownFileType = sourcecode.c.h; path = AFHTTPClient.h; sourceTree = "<group>"; };
		4BA4B0FE17C9EA1A00F148FF /* AFHTTPClient.m */ = {isa = PBXFileReference; fileEncoding = 4; lastKnownFileType = sourcecode.c.objc; path = AFHTTPClient.m; sourceTree = "<group>"; };
		4BA4B0FF17C9EA1A00F148FF /* AFHTTPRequestOperation.h */ = {isa = PBXFileReference; fileEncoding = 4; lastKnownFileType = sourcecode.c.h; path = AFHTTPRequestOperation.h; sourceTree = "<group>"; };
		4BA4B10017C9EA1A00F148FF /* AFHTTPRequestOperation.m */ = {isa = PBXFileReference; fileEncoding = 4; lastKnownFileType = sourcecode.c.objc; path = AFHTTPRequestOperation.m; sourceTree = "<group>"; };
		4BA4B10117C9EA1A00F148FF /* AFImageRequestOperation.h */ = {isa = PBXFileReference; fileEncoding = 4; lastKnownFileType = sourcecode.c.h; path = AFImageRequestOperation.h; sourceTree = "<group>"; };
		4BA4B10217C9EA1A00F148FF /* AFImageRequestOperation.m */ = {isa = PBXFileReference; fileEncoding = 4; lastKnownFileType = sourcecode.c.objc; path = AFImageRequestOperation.m; sourceTree = "<group>"; };
		4BA4B10317C9EA1A00F148FF /* AFJSONRequestOperation.h */ = {isa = PBXFileReference; fileEncoding = 4; lastKnownFileType = sourcecode.c.h; path = AFJSONRequestOperation.h; sourceTree = "<group>"; };
		4BA4B10417C9EA1A00F148FF /* AFJSONRequestOperation.m */ = {isa = PBXFileReference; fileEncoding = 4; lastKnownFileType = sourcecode.c.objc; path = AFJSONRequestOperation.m; sourceTree = "<group>"; };
		4BA4B10517C9EA1A00F148FF /* AFNetworkActivityIndicatorManager.h */ = {isa = PBXFileReference; fileEncoding = 4; lastKnownFileType = sourcecode.c.h; path = AFNetworkActivityIndicatorManager.h; sourceTree = "<group>"; };
		4BA4B10617C9EA1A00F148FF /* AFNetworkActivityIndicatorManager.m */ = {isa = PBXFileReference; fileEncoding = 4; lastKnownFileType = sourcecode.c.objc; path = AFNetworkActivityIndicatorManager.m; sourceTree = "<group>"; };
		4BA4B10717C9EA1A00F148FF /* AFNetworking.h */ = {isa = PBXFileReference; fileEncoding = 4; lastKnownFileType = sourcecode.c.h; path = AFNetworking.h; sourceTree = "<group>"; };
		4BA4B10817C9EA1A00F148FF /* AFPropertyListRequestOperation.h */ = {isa = PBXFileReference; fileEncoding = 4; lastKnownFileType = sourcecode.c.h; path = AFPropertyListRequestOperation.h; sourceTree = "<group>"; };
		4BA4B10917C9EA1A00F148FF /* AFPropertyListRequestOperation.m */ = {isa = PBXFileReference; fileEncoding = 4; lastKnownFileType = sourcecode.c.objc; path = AFPropertyListRequestOperation.m; sourceTree = "<group>"; };
		4BA4B10A17C9EA1A00F148FF /* AFURLConnectionOperation.h */ = {isa = PBXFileReference; fileEncoding = 4; lastKnownFileType = sourcecode.c.h; path = AFURLConnectionOperation.h; sourceTree = "<group>"; };
		4BA4B10B17C9EA1A00F148FF /* AFURLConnectionOperation.m */ = {isa = PBXFileReference; fileEncoding = 4; lastKnownFileType = sourcecode.c.objc; path = AFURLConnectionOperation.m; sourceTree = "<group>"; };
		4BA4B10C17C9EA1A00F148FF /* AFXMLRequestOperation.h */ = {isa = PBXFileReference; fileEncoding = 4; lastKnownFileType = sourcecode.c.h; path = AFXMLRequestOperation.h; sourceTree = "<group>"; };
		4BA4B10D17C9EA1A00F148FF /* AFXMLRequestOperation.m */ = {isa = PBXFileReference; fileEncoding = 4; lastKnownFileType = sourcecode.c.objc; path = AFXMLRequestOperation.m; sourceTree = "<group>"; };
		4BA4B10E17C9EA1A00F148FF /* UIImageView+AFNetworking.h */ = {isa = PBXFileReference; fileEncoding = 4; lastKnownFileType = sourcecode.c.h; path = "UIImageView+AFNetworking.h"; sourceTree = "<group>"; };
		4BA4B10F17C9EA1A00F148FF /* UIImageView+AFNetworking.m */ = {isa = PBXFileReference; fileEncoding = 4; lastKnownFileType = sourcecode.c.objc; path = "UIImageView+AFNetworking.m"; sourceTree = "<group>"; };
		4BA4B11917C9EB3500F148FF /* CoreLocation.framework */ = {isa = PBXFileReference; lastKnownFileType = wrapper.framework; name = CoreLocation.framework; path = System/Library/Frameworks/CoreLocation.framework; sourceTree = SDKROOT; };
		4BA4B11A17C9EB3500F148FF /* MobileCoreServices.framework */ = {isa = PBXFileReference; lastKnownFileType = wrapper.framework; name = MobileCoreServices.framework; path = System/Library/Frameworks/MobileCoreServices.framework; sourceTree = SDKROOT; };
		4BA4B11B17C9EB3500F148FF /* Security.framework */ = {isa = PBXFileReference; lastKnownFileType = wrapper.framework; name = Security.framework; path = System/Library/Frameworks/Security.framework; sourceTree = SDKROOT; };
		4BA4B11C17C9EB3500F148FF /* SystemConfiguration.framework */ = {isa = PBXFileReference; lastKnownFileType = wrapper.framework; name = SystemConfiguration.framework; path = System/Library/Frameworks/SystemConfiguration.framework; sourceTree = SDKROOT; };
		4BA4B12217C9F44000F148FF /* libWeiboSDK.a */ = {isa = PBXFileReference; lastKnownFileType = archive.ar; path = libWeiboSDK.a; sourceTree = "<group>"; };
		4BA4B12317C9F44000F148FF /* WeiboSDK.bundle */ = {isa = PBXFileReference; lastKnownFileType = "wrapper.plug-in"; path = WeiboSDK.bundle; sourceTree = "<group>"; };
		4BA4B12417C9F44000F148FF /* WeiboSDK.h */ = {isa = PBXFileReference; fileEncoding = 4; lastKnownFileType = sourcecode.c.h; path = WeiboSDK.h; sourceTree = "<group>"; };
/* End PBXFileReference section */

/* Begin PBXFrameworksBuildPhase section */
		4B6C206717A4FFA8001441E4 /* Frameworks */ = {
			isa = PBXFrameworksBuildPhase;
			buildActionMask = 2147483647;
			files = (
				4BA4B11D17C9EB3500F148FF /* CoreLocation.framework in Frameworks */,
				4BA4B11E17C9EB3500F148FF /* MobileCoreServices.framework in Frameworks */,
				4BA4B11F17C9EB3500F148FF /* Security.framework in Frameworks */,
				4BA4B12017C9EB3500F148FF /* SystemConfiguration.framework in Frameworks */,
				4B6C206E17A4FFA8001441E4 /* UIKit.framework in Frameworks */,
				4B6C207017A4FFA8001441E4 /* Foundation.framework in Frameworks */,
				4B6C207217A4FFA8001441E4 /* CoreGraphics.framework in Frameworks */,
				4BA4B12517C9F44000F148FF /* libWeiboSDK.a in Frameworks */,
			);
			runOnlyForDeploymentPostprocessing = 0;
		};
/* End PBXFrameworksBuildPhase section */

/* Begin PBXGroup section */
		4B1BA80817ACF87D00FA63EB /* Images */ = {
			isa = PBXGroup;
			children = (
				4B1BA80917ACF88400FA63EB /* tabbar */,
			);
			name = Images;
			sourceTree = "<group>";
		};
		4B1BA80917ACF88400FA63EB /* tabbar */ = {
			isa = PBXGroup;
			children = (
				4B1BA80A17ACF89800FA63EB /* 112-group.png */,
				4B1BA80B17ACF89800FA63EB /* 112-group@2x.png */,
				4B1BA80E17ACF8A700FA63EB /* 123-id-card.png */,
				4B1BA80F17ACF8A700FA63EB /* 123-id-card@2x.png */,
				4B1BA81217ACF8B400FA63EB /* cameraTabBarItem.png */,
				4B1BA81317ACF8B400FA63EB /* cameraTabBarItem@2x.png */,
			);
			name = tabbar;
			sourceTree = "<group>";
		};
		4B1BA81617ACF8D400FA63EB /* TabBar */ = {
			isa = PBXGroup;
			children = (
				4B1BA81717ACF8E500FA63EB /* ADTabbarBaseViewController.h */,
				4B1BA81817ACF8E500FA63EB /* ADTabbarBaseViewController.m */,
				4B1BA81A17ACF8F600FA63EB /* ADTabbarViewController.h */,
				4B1BA81B17ACF8F600FA63EB /* ADTabbarViewController.m */,
			);
			name = TabBar;
			sourceTree = "<group>";
		};
		4B6C206117A4FFA8001441E4 = {
			isa = PBXGroup;
			children = (
				4B6C207317A4FFA8001441E4 /* AiDaBan */,
				4B6C206C17A4FFA8001441E4 /* Frameworks */,
				4B6C206B17A4FFA8001441E4 /* Products */,
			);
			sourceTree = "<group>";
		};
		4B6C206B17A4FFA8001441E4 /* Products */ = {
			isa = PBXGroup;
			children = (
				4B6C206A17A4FFA8001441E4 /* AiDaBan.app */,
			);
			name = Products;
			sourceTree = "<group>";
		};
		4B6C206C17A4FFA8001441E4 /* Frameworks */ = {
			isa = PBXGroup;
			children = (
				4BA4B11917C9EB3500F148FF /* CoreLocation.framework */,
				4BA4B11A17C9EB3500F148FF /* MobileCoreServices.framework */,
				4BA4B11B17C9EB3500F148FF /* Security.framework */,
				4BA4B11C17C9EB3500F148FF /* SystemConfiguration.framework */,
				4B6C206D17A4FFA8001441E4 /* UIKit.framework */,
				4B6C206F17A4FFA8001441E4 /* Foundation.framework */,
				4B6C207117A4FFA8001441E4 /* CoreGraphics.framework */,
			);
			name = Frameworks;
			sourceTree = "<group>";
		};
		4B6C207317A4FFA8001441E4 /* AiDaBan */ = {
			isa = PBXGroup;
			children = (
				4BA4B0FB17C9E8EB00F148FF /* ThirdPartyLibrary */,
				4BA4B0F717C9C73F00F148FF /* Login */,
				4B1BA81617ACF8D400FA63EB /* TabBar */,
				4BA4B0F317C9C22100F148FF /* TabViewControllers */,
				4B6C207C17A4FFA8001441E4 /* AppDelegate.h */,
				4B6C207D17A4FFA8001441E4 /* AppDelegate.m */,
				4B6C209217A54F64001441E4 /* ADEditTopCell.h */,
				4B6C209317A54F64001441E4 /* ADEditTopCell.m */,
				4BA4B0ED17C88E1300F148FF /* ADPhotoEditView.h */,
				4BA4B0EE17C88E1300F148FF /* ADPhotoEditView.m */,
				4B6C207417A4FFA8001441E4 /* Supporting Files */,
			);
			path = AiDaBan;
			sourceTree = "<group>";
		};
		4B6C207417A4FFA8001441E4 /* Supporting Files */ = {
			isa = PBXGroup;
			children = (
				4B1BA80817ACF87D00FA63EB /* Images */,
				4B6C209017A5078A001441E4 /* laopo.jpg */,
				4B6C207517A4FFA8001441E4 /* AiDaBan-Info.plist */,
				4B6C207617A4FFA8001441E4 /* InfoPlist.strings */,
				4B6C207917A4FFA8001441E4 /* main.m */,
				4B6C207B17A4FFA8001441E4 /* AiDaBan-Prefix.pch */,
				4B6C207F17A4FFA8001441E4 /* Default.png */,
				4B6C208117A4FFA8001441E4 /* Default@2x.png */,
				4B6C208317A4FFA8001441E4 /* Default-568h@2x.png */,
			);
			name = "Supporting Files";
			sourceTree = "<group>";
		};
		4BA4B0F317C9C22100F148FF /* TabViewControllers */ = {
			isa = PBXGroup;
			children = (
				4BA4B0F017C9C21400F148FF /* ADExploreViewController.h */,
				4BA4B0F117C9C21400F148FF /* ADExploreViewController.m */,
				4B6C208517A4FFA8001441E4 /* ADEditViewController.h */,
				4B6C208617A4FFA8001441E4 /* ADEditViewController.m */,
				4BA4B0F417C9C25200F148FF /* ADMeViewController.h */,
				4BA4B0F517C9C25200F148FF /* ADMeViewController.m */,
			);
			name = TabViewControllers;
			sourceTree = "<group>";
		};
		4BA4B0F717C9C73F00F148FF /* Login */ = {
			isa = PBXGroup;
			children = (
				4BA4B0F817C9C76700F148FF /* ADLoginViewController.h */,
				4BA4B0F917C9C76700F148FF /* ADLoginViewController.m */,
			);
			name = Login;
			sourceTree = "<group>";
		};
		4BA4B0FB17C9E8EB00F148FF /* ThirdPartyLibrary */ = {
			isa = PBXGroup;
			children = (
				4BA4B12117C9F44000F148FF /* libWeiboSDK */,
				4BA4B0FC17C9EA1A00F148FF /* AFNetworking */,
			);
			name = ThirdPartyLibrary;
			sourceTree = "<group>";
		};
		4BA4B0FC17C9EA1A00F148FF /* AFNetworking */ = {
			isa = PBXGroup;
			children = (
				4BA4B0FD17C9EA1A00F148FF /* AFHTTPClient.h */,
				4BA4B0FE17C9EA1A00F148FF /* AFHTTPClient.m */,
				4BA4B0FF17C9EA1A00F148FF /* AFHTTPRequestOperation.h */,
				4BA4B10017C9EA1A00F148FF /* AFHTTPRequestOperation.m */,
				4BA4B10117C9EA1A00F148FF /* AFImageRequestOperation.h */,
				4BA4B10217C9EA1A00F148FF /* AFImageRequestOperation.m */,
				4BA4B10317C9EA1A00F148FF /* AFJSONRequestOperation.h */,
				4BA4B10417C9EA1A00F148FF /* AFJSONRequestOperation.m */,
				4BA4B10517C9EA1A00F148FF /* AFNetworkActivityIndicatorManager.h */,
				4BA4B10617C9EA1A00F148FF /* AFNetworkActivityIndicatorManager.m */,
				4BA4B10717C9EA1A00F148FF /* AFNetworking.h */,
				4BA4B10817C9EA1A00F148FF /* AFPropertyListRequestOperation.h */,
				4BA4B10917C9EA1A00F148FF /* AFPropertyListRequestOperation.m */,
				4BA4B10A17C9EA1A00F148FF /* AFURLConnectionOperation.h */,
				4BA4B10B17C9EA1A00F148FF /* AFURLConnectionOperation.m */,
				4BA4B10C17C9EA1A00F148FF /* AFXMLRequestOperation.h */,
				4BA4B10D17C9EA1A00F148FF /* AFXMLRequestOperation.m */,
				4BA4B10E17C9EA1A00F148FF /* UIImageView+AFNetworking.h */,
				4BA4B10F17C9EA1A00F148FF /* UIImageView+AFNetworking.m */,
			);
			path = AFNetworking;
			sourceTree = "<group>";
		};
		4BA4B12117C9F44000F148FF /* libWeiboSDK */ = {
			isa = PBXGroup;
			children = (
				4BA4B12217C9F44000F148FF /* libWeiboSDK.a */,
				4BA4B12317C9F44000F148FF /* WeiboSDK.bundle */,
				4BA4B12417C9F44000F148FF /* WeiboSDK.h */,
			);
			path = libWeiboSDK;
			sourceTree = "<group>";
		};
/* End PBXGroup section */

/* Begin PBXNativeTarget section */
		4B6C206917A4FFA8001441E4 /* AiDaBan */ = {
			isa = PBXNativeTarget;
			buildConfigurationList = 4B6C208D17A4FFA8001441E4 /* Build configuration list for PBXNativeTarget "AiDaBan" */;
			buildPhases = (
				4B6C206617A4FFA8001441E4 /* Sources */,
				4B6C206717A4FFA8001441E4 /* Frameworks */,
				4B6C206817A4FFA8001441E4 /* Resources */,
			);
			buildRules = (
			);
			dependencies = (
			);
			name = AiDaBan;
			productName = AiDaBan;
			productReference = 4B6C206A17A4FFA8001441E4 /* AiDaBan.app */;
			productType = "com.apple.product-type.application";
		};
/* End PBXNativeTarget section */

/* Begin PBXProject section */
		4B6C206217A4FFA8001441E4 /* Project object */ = {
			isa = PBXProject;
			attributes = {
				LastUpgradeCheck = 0460;
				ORGANIZATIONNAME = "zhang kai";
			};
			buildConfigurationList = 4B6C206517A4FFA8001441E4 /* Build configuration list for PBXProject "AiDaBan" */;
			compatibilityVersion = "Xcode 3.2";
			developmentRegion = English;
			hasScannedForEncodings = 0;
			knownRegions = (
				en,
			);
			mainGroup = 4B6C206117A4FFA8001441E4;
			productRefGroup = 4B6C206B17A4FFA8001441E4 /* Products */;
			projectDirPath = "";
			projectRoot = "";
			targets = (
				4B6C206917A4FFA8001441E4 /* AiDaBan */,
			);
		};
/* End PBXProject section */

/* Begin PBXResourcesBuildPhase section */
		4B6C206817A4FFA8001441E4 /* Resources */ = {
			isa = PBXResourcesBuildPhase;
			buildActionMask = 2147483647;
			files = (
				4B6C207817A4FFA8001441E4 /* InfoPlist.strings in Resources */,
				4B6C208017A4FFA8001441E4 /* Default.png in Resources */,
				4B6C208217A4FFA8001441E4 /* Default@2x.png in Resources */,
				4B6C208417A4FFA8001441E4 /* Default-568h@2x.png in Resources */,
				4B6C209117A5078A001441E4 /* laopo.jpg in Resources */,
				4B1BA80C17ACF89800FA63EB /* 112-group.png in Resources */,
				4B1BA80D17ACF89800FA63EB /* 112-group@2x.png in Resources */,
				4B1BA81017ACF8A700FA63EB /* 123-id-card.png in Resources */,
				4B1BA81117ACF8A700FA63EB /* 123-id-card@2x.png in Resources */,
				4B1BA81417ACF8B400FA63EB /* cameraTabBarItem.png in Resources */,
				4B1BA81517ACF8B400FA63EB /* cameraTabBarItem@2x.png in Resources */,
				4BA4B12617C9F44000F148FF /* WeiboSDK.bundle in Resources */,
			);
			runOnlyForDeploymentPostprocessing = 0;
		};
/* End PBXResourcesBuildPhase section */

/* Begin PBXSourcesBuildPhase section */
		4B6C206617A4FFA8001441E4 /* Sources */ = {
			isa = PBXSourcesBuildPhase;
			buildActionMask = 2147483647;
			files = (
				4B6C207A17A4FFA8001441E4 /* main.m in Sources */,
				4B6C207E17A4FFA8001441E4 /* AppDelegate.m in Sources */,
				4B6C208717A4FFA8001441E4 /* ADEditViewController.m in Sources */,
				4B6C209417A54F64001441E4 /* ADEditTopCell.m in Sources */,
				4B1BA81917ACF8E500FA63EB /* ADTabbarBaseViewController.m in Sources */,
				4B1BA81C17ACF8F600FA63EB /* ADTabbarViewController.m in Sources */,
				4BA4B0EF17C88E1300F148FF /* ADPhotoEditView.m in Sources */,
				4BA4B0F217C9C21400F148FF /* ADExploreViewController.m in Sources */,
				4BA4B0F617C9C25200F148FF /* ADMeViewController.m in Sources */,
				4BA4B0FA17C9C76700F148FF /* ADLoginViewController.m in Sources */,
				4BA4B11017C9EA1A00F148FF /* AFHTTPClient.m in Sources */,
				4BA4B11117C9EA1A00F148FF /* AFHTTPRequestOperation.m in Sources */,
				4BA4B11217C9EA1A00F148FF /* AFImageRequestOperation.m in Sources */,
				4BA4B11317C9EA1A00F148FF /* AFJSONRequestOperation.m in Sources */,
				4BA4B11417C9EA1A00F148FF /* AFNetworkActivityIndicatorManager.m in Sources */,
				4BA4B11517C9EA1A00F148FF /* AFPropertyListRequestOperation.m in Sources */,
				4BA4B11617C9EA1A00F148FF /* AFURLConnectionOperation.m in Sources */,
				4BA4B11717C9EA1A00F148FF /* AFXMLRequestOperation.m in Sources */,
				4BA4B11817C9EA1A00F148FF /* UIImageView+AFNetworking.m in Sources */,
			);
			runOnlyForDeploymentPostprocessing = 0;
		};
/* End PBXSourcesBuildPhase section */

/* Begin PBXVariantGroup section */
		4B6C207617A4FFA8001441E4 /* InfoPlist.strings */ = {
			isa = PBXVariantGroup;
			children = (
				4B6C207717A4FFA8001441E4 /* en */,
			);
			name = InfoPlist.strings;
			sourceTree = "<group>";
		};
/* End PBXVariantGroup section */

/* Begin XCBuildConfiguration section */
		4B6C208B17A4FFA8001441E4 /* Debug */ = {
			isa = XCBuildConfiguration;
			buildSettings = {
				ALWAYS_SEARCH_USER_PATHS = NO;
				CLANG_CXX_LANGUAGE_STANDARD = "gnu++0x";
				CLANG_CXX_LIBRARY = "libc++";
				CLANG_WARN_CONSTANT_CONVERSION = YES;
				CLANG_WARN_EMPTY_BODY = YES;
				CLANG_WARN_ENUM_CONVERSION = YES;
				CLANG_WARN_INT_CONVERSION = YES;
				CLANG_WARN__DUPLICATE_METHOD_MATCH = YES;
				"CODE_SIGN_IDENTITY[sdk=iphoneos*]" = "iPhone Developer";
				COPY_PHASE_STRIP = NO;
				GCC_C_LANGUAGE_STANDARD = gnu99;
				GCC_DYNAMIC_NO_PIC = NO;
				GCC_OPTIMIZATION_LEVEL = 0;
				GCC_PREPROCESSOR_DEFINITIONS = (
					"DEBUG=1",
					"$(inherited)",
				);
				GCC_SYMBOLS_PRIVATE_EXTERN = NO;
				GCC_WARN_ABOUT_RETURN_TYPE = YES;
				GCC_WARN_UNINITIALIZED_AUTOS = YES;
				GCC_WARN_UNUSED_VARIABLE = YES;
				IPHONEOS_DEPLOYMENT_TARGET = 6.1;
				ONLY_ACTIVE_ARCH = YES;
				SDKROOT = iphoneos;
			};
			name = Debug;
		};
		4B6C208C17A4FFA8001441E4 /* Release */ = {
			isa = XCBuildConfiguration;
			buildSettings = {
				ALWAYS_SEARCH_USER_PATHS = NO;
				CLANG_CXX_LANGUAGE_STANDARD = "gnu++0x";
				CLANG_CXX_LIBRARY = "libc++";
				CLANG_WARN_CONSTANT_CONVERSION = YES;
				CLANG_WARN_EMPTY_BODY = YES;
				CLANG_WARN_ENUM_CONVERSION = YES;
				CLANG_WARN_INT_CONVERSION = YES;
				CLANG_WARN__DUPLICATE_METHOD_MATCH = YES;
				"CODE_SIGN_IDENTITY[sdk=iphoneos*]" = "iPhone Developer";
				COPY_PHASE_STRIP = YES;
				GCC_C_LANGUAGE_STANDARD = gnu99;
				GCC_WARN_ABOUT_RETURN_TYPE = YES;
				GCC_WARN_UNINITIALIZED_AUTOS = YES;
				GCC_WARN_UNUSED_VARIABLE = YES;
				IPHONEOS_DEPLOYMENT_TARGET = 6.1;
				OTHER_CFLAGS = "-DNS_BLOCK_ASSERTIONS=1";
				SDKROOT = iphoneos;
				VALIDATE_PRODUCT = YES;
			};
			name = Release;
		};
		4B6C208E17A4FFA8001441E4 /* Debug */ = {
			isa = XCBuildConfiguration;
			buildSettings = {
				GCC_PRECOMPILE_PREFIX_HEADER = YES;
				GCC_PREFIX_HEADER = "AiDaBan/AiDaBan-Prefix.pch";
				INFOPLIST_FILE = "AiDaBan/AiDaBan-Info.plist";
				LIBRARY_SEARCH_PATHS = (
					"$(inherited)",
					"\"$(SRCROOT)/AiDaBan/libWeiboSDK\"",
				);
				PRODUCT_NAME = "$(TARGET_NAME)";
				WRAPPER_EXTENSION = app;
			};
			name = Debug;
		};
		4B6C208F17A4FFA8001441E4 /* Release */ = {
			isa = XCBuildConfiguration;
			buildSettings = {
				GCC_PRECOMPILE_PREFIX_HEADER = YES;
				GCC_PREFIX_HEADER = "AiDaBan/AiDaBan-Prefix.pch";
				INFOPLIST_FILE = "AiDaBan/AiDaBan-Info.plist";
				LIBRARY_SEARCH_PATHS = (
					"$(inherited)",
					"\"$(SRCROOT)/AiDaBan/libWeiboSDK\"",
				);
				PRODUCT_NAME = "$(TARGET_NAME)";
				WRAPPER_EXTENSION = app;
			};
			name = Release;
		};
/* End XCBuildConfiguration section */

/* Begin XCConfigurationList section */
		4B6C206517A4FFA8001441E4 /* Build configuration list for PBXProject "AiDaBan" */ = {
			isa = XCConfigurationList;
			buildConfigurations = (
				4B6C208B17A4FFA8001441E4 /* Debug */,
				4B6C208C17A4FFA8001441E4 /* Release */,
			);
			defaultConfigurationIsVisible = 0;
			defaultConfigurationName = Release;
		};
		4B6C208D17A4FFA8001441E4 /* Build configuration list for PBXNativeTarget "AiDaBan" */ = {
			isa = XCConfigurationList;
			buildConfigurations = (
				4B6C208E17A4FFA8001441E4 /* Debug */,
				4B6C208F17A4FFA8001441E4 /* Release */,
			);
			defaultConfigurationIsVisible = 0;
			defaultConfigurationName = Release;
		};
/* End XCConfigurationList section */
	};
	rootObject = 4B6C206217A4FFA8001441E4 /* Project object */;
}
